
Microsoft Visual Studio Solution File, Format Version 12.00
# Visual Studio 14
VisualStudioVersion = 14.0.25420.1
MinimumVisualStudioVersion = 10.0.40219.1
Project("{FAE04EC0-301F-11D3-BF4B-00C04F79EFBC}") = "Pluralize", "Pluralize\Pluralize.csproj", "{3069A723-BE34-477C-9F14-89EC549CB2E7}"
EndProject
Project("{FAE04EC0-301F-11D3-BF4B-00C04F79EFBC}") = "Pluralizer.Tests", "Pluralizer.Tests\Pluralizer.Tests.csproj", "{A40F7719-35C4-4781-89D4-61D25840138D}"
EndProject
Global
	GlobalSection(SolutionConfigurationPlatforms) = preSolution
		Debug|Any CPU = Debug|Any CPU
		Release|Any CPU = Release|Any CPU
	EndGlobalSection
	GlobalSection(ProjectConfigurationPlatforms) = postSolution
		{3069A723-BE34-477C-9F14-89EC549CB2E7}.Debug|Any CPU.ActiveCfg = Debug|Any CPU
		{3069A723-BE34-477C-9F14-89EC549CB2E7}.Debug|Any CPU.Build.0 = Debug|Any CPU
		{3069A723-BE34-477C-9F14-89EC549CB2E7}.Release|Any CPU.ActiveCfg = Release|Any CPU
		{3069A723-BE34-477C-9F14-89EC549CB2E7}.Release|Any CPU.Build.0 = Release|Any CPU
		{A40F7719-35C4-4781-89D4-61D25840138D}.Debug|Any CPU.ActiveCfg = Debug|Any CPU
		{A40F7719-35C4-4781-89D4-61D25840138D}.Debug|Any CPU.Build.0 = Debug|Any CPU
		{A40F7719-35C4-4781-89D4-61D25840138D}.Release|Any CPU.ActiveCfg = Release|Any CPU
		{A40F7719-35C4-4781-89D4-61D25840138D}.Release|Any CPU.Build.0 = Release|Any CPU
	EndGlobalSection
	GlobalSection(SolutionProperties) = preSolution
		HideSolutionNode = FALSE
	EndGlobalSection
EndGlobal
