Microsoft Visual Studio Solution File, Format Version 12.00
# Visual Studio 15
VisualStudioVersion = 15.0.26124.0
MinimumVisualStudioVersion = 15.0.26124.0
Project("{9A19103F-16F7-4668-BE54-9A1E7A4F7556}") = "Pluralize.NET", "Pluralize.NET\Pluralize.NET.csproj", "{C75AF07E-A1B5-4229-85BC-F47A2185A46E}"
EndProject
Project("{9A19103F-16F7-4668-BE54-9A1E7A4F7556}") = "Pluralize.NET.Tests", "Pluralize.NET.Tests\Pluralize.NET.Tests.csproj", "{7CE55A51-5DF3-45C9-9869-007D5EC7B1A3}"
EndProject
Project("{FAE04EC0-301F-11D3-BF4B-00C04F79EFBC}") = "Pluralize.NET.Faster", "Pluralize.NET.Faster\Pluralize.NET.Faster.csproj", "{B3381CA8-E766-4E6B-AAD5-BA0863028F3A}"
EndProject
Project("{FAE04EC0-301F-11D3-BF4B-00C04F79EFBC}") = "Pluralize.NET.Performance", "Pluralize.NET.Performance\Pluralize.NET.Performance.csproj", "{51DFE4B3-A545-44D8-964B-783969A4F147}"
EndProject
Global
	GlobalSection(SolutionConfigurationPlatforms) = preSolution
		Debug|Any CPU = Debug|Any CPU
		Debug|x64 = Debug|x64
		Debug|x86 = Debug|x86
		Release|Any CPU = Release|Any CPU
		Release|x64 = Release|x64
		Release|x86 = Release|x86
	EndGlobalSection
	GlobalSection(ProjectConfigurationPlatforms) = postSolution
		{C75AF07E-A1B5-4229-85BC-F47A2185A46E}.Debug|Any CPU.ActiveCfg = Debug|Any CPU
		{C75AF07E-A1B5-4229-85BC-F47A2185A46E}.Debug|Any CPU.Build.0 = Debug|Any CPU
		{C75AF07E-A1B5-4229-85BC-F47A2185A46E}.Debug|x64.ActiveCfg = Debug|Any CPU
		{C75AF07E-A1B5-4229-85BC-F47A2185A46E}.Debug|x64.Build.0 = Debug|Any CPU
		{C75AF07E-A1B5-4229-85BC-F47A2185A46E}.Debug|x86.ActiveCfg = Debug|Any CPU
		{C75AF07E-A1B5-4229-85BC-F47A2185A46E}.Debug|x86.Build.0 = Debug|Any CPU
		{C75AF07E-A1B5-4229-85BC-F47A2185A46E}.Release|Any CPU.ActiveCfg = Release|Any CPU
		{C75AF07E-A1B5-4229-85BC-F47A2185A46E}.Release|Any CPU.Build.0 = Release|Any CPU
		{C75AF07E-A1B5-4229-85BC-F47A2185A46E}.Release|x64.ActiveCfg = Release|Any CPU
		{C75AF07E-A1B5-4229-85BC-F47A2185A46E}.Release|x64.Build.0 = Release|Any CPU
		{C75AF07E-A1B5-4229-85BC-F47A2185A46E}.Release|x86.ActiveCfg = Release|Any CPU
		{C75AF07E-A1B5-4229-85BC-F47A2185A46E}.Release|x86.Build.0 = Release|Any CPU
		{7CE55A51-5DF3-45C9-9869-007D5EC7B1A3}.Debug|Any CPU.ActiveCfg = Debug|Any CPU
		{7CE55A51-5DF3-45C9-9869-007D5EC7B1A3}.Debug|Any CPU.Build.0 = Debug|Any CPU
		{7CE55A51-5DF3-45C9-9869-007D5EC7B1A3}.Debug|x64.ActiveCfg = Debug|Any CPU
		{7CE55A51-5DF3-45C9-9869-007D5EC7B1A3}.Debug|x64.Build.0 = Debug|Any CPU
		{7CE55A51-5DF3-45C9-9869-007D5EC7B1A3}.Debug|x86.ActiveCfg = Debug|Any CPU
		{7CE55A51-5DF3-45C9-9869-007D5EC7B1A3}.Debug|x86.Build.0 = Debug|Any CPU
		{7CE55A51-5DF3-45C9-9869-007D5EC7B1A3}.Release|Any CPU.ActiveCfg = Release|Any CPU
		{7CE55A51-5DF3-45C9-9869-007D5EC7B1A3}.Release|Any CPU.Build.0 = Release|Any CPU
		{7CE55A51-5DF3-45C9-9869-007D5EC7B1A3}.Release|x64.ActiveCfg = Release|Any CPU
		{7CE55A51-5DF3-45C9-9869-007D5EC7B1A3}.Release|x64.Build.0 = Release|Any CPU
		{7CE55A51-5DF3-45C9-9869-007D5EC7B1A3}.Release|x86.ActiveCfg = Release|Any CPU
		{7CE55A51-5DF3-45C9-9869-007D5EC7B1A3}.Release|x86.Build.0 = Release|Any CPU
		{B3381CA8-E766-4E6B-AAD5-BA0863028F3A}.Debug|Any CPU.ActiveCfg = Debug|Any CPU
		{B3381CA8-E766-4E6B-AAD5-BA0863028F3A}.Debug|Any CPU.Build.0 = Debug|Any CPU
		{B3381CA8-E766-4E6B-AAD5-BA0863028F3A}.Debug|x64.ActiveCfg = Debug|Any CPU
		{B3381CA8-E766-4E6B-AAD5-BA0863028F3A}.Debug|x64.Build.0 = Debug|Any CPU
		{B3381CA8-E766-4E6B-AAD5-BA0863028F3A}.Debug|x86.ActiveCfg = Debug|Any CPU
		{B3381CA8-E766-4E6B-AAD5-BA0863028F3A}.Debug|x86.Build.0 = Debug|Any CPU
		{B3381CA8-E766-4E6B-AAD5-BA0863028F3A}.Release|Any CPU.ActiveCfg = Release|Any CPU
		{B3381CA8-E766-4E6B-AAD5-BA0863028F3A}.Release|Any CPU.Build.0 = Release|Any CPU
		{B3381CA8-E766-4E6B-AAD5-BA0863028F3A}.Release|x64.ActiveCfg = Release|Any CPU
		{B3381CA8-E766-4E6B-AAD5-BA0863028F3A}.Release|x64.Build.0 = Release|Any CPU
		{B3381CA8-E766-4E6B-AAD5-BA0863028F3A}.Release|x86.ActiveCfg = Release|Any CPU
		{B3381CA8-E766-4E6B-AAD5-BA0863028F3A}.Release|x86.Build.0 = Release|Any CPU
		{51DFE4B3-A545-44D8-964B-783969A4F147}.Debug|Any CPU.ActiveCfg = Debug|Any CPU
		{51DFE4B3-A545-44D8-964B-783969A4F147}.Debug|Any CPU.Build.0 = Debug|Any CPU
		{51DFE4B3-A545-44D8-964B-783969A4F147}.Debug|x64.ActiveCfg = Debug|Any CPU
		{51DFE4B3-A545-44D8-964B-783969A4F147}.Debug|x64.Build.0 = Debug|Any CPU
		{51DFE4B3-A545-44D8-964B-783969A4F147}.Debug|x86.ActiveCfg = Debug|Any CPU
		{51DFE4B3-A545-44D8-964B-783969A4F147}.Debug|x86.Build.0 = Debug|Any CPU
		{51DFE4B3-A545-44D8-964B-783969A4F147}.Release|Any CPU.ActiveCfg = Release|Any CPU
		{51DFE4B3-A545-44D8-964B-783969A4F147}.Release|Any CPU.Build.0 = Release|Any CPU
		{51DFE4B3-A545-44D8-964B-783969A4F147}.Release|x64.ActiveCfg = Release|Any CPU
		{51DFE4B3-A545-44D8-964B-783969A4F147}.Release|x64.Build.0 = Release|Any CPU
		{51DFE4B3-A545-44D8-964B-783969A4F147}.Release|x86.ActiveCfg = Release|Any CPU
		{51DFE4B3-A545-44D8-964B-783969A4F147}.Release|x86.Build.0 = Release|Any CPU
	EndGlobalSection
	GlobalSection(SolutionProperties) = preSolution
		HideSolutionNode = FALSE
	EndGlobalSection
	GlobalSection(ExtensibilityGlobals) = postSolution
		SolutionGuid = {01A17E5A-A3CD-4115-A89B-7CB36FC04E96}
	EndGlobalSection
EndGlobal
